
Microsoft Visual Studio Solution File, Format Version 12.00
# Visual Studio Version 17
VisualStudioVersion = 17.14.36930.0
MinimumVisualStudioVersion = 10.0.40219.1
Project("{2150E333-8FDC-42A3-9474-1A3956D46DE8}") = "VSC.Core", "VSC.Core", "{02EA681E-C7D8-13C7-8484-4AC65E1B71E8}"
EndProject
Project("{FAE04EC0-301F-11D3-BF4B-00C04F79EFBC}") = "VSC.Core.Data", "..\VSC.Core\VSC.Core.Data\VSC.Core.Data.csproj", "{47FC5B75-7E57-1E55-3F5C-113F34CB9C42}"
EndProject
Project("{FAE04EC0-301F-11D3-BF4B-00C04F79EFBC}") = "VSC.Core.DataModel", "..\VSC.Core\VSC.Core.DataModel\VSC.Core.DataModel.csproj", "{1E9055F1-F3FC-74BE-1236-7756659D1307}"
EndProject
Project("{FAE04EC0-301F-11D3-BF4B-00C04F79EFBC}") = "VSC.Core.Services", "..\VSC.Core\VSC.Core.Services\VSC.Core.Services.csproj", "{1AC6F555-198C-8B57-CE4C-8A9E92803AA5}"
EndProject
Project("{FAE04EC0-301F-11D3-BF4B-00C04F79EFBC}") = "VSC.Core.Services.Interfaces", "..\VSC.Core\VSC.Core.Services.Interfaces\VSC.Core.Services.Interfaces.csproj", "{8D068B49-A82E-C439-0225-5E03092E6304}"
EndProject
Project("{FAE04EC0-301F-11D3-BF4B-00C04F79EFBC}") = "VSC.Core.WebUI", "..\VSC.Core\VSC.Core.WebUI\VSC.Core.WebUI.csproj", "{F131538C-C509-7DEB-A3E6-1CEF6831163B}"
EndProject
Project("{2150E333-8FDC-42A3-9474-1A3956D46DE8}") = "VSC.Core.Identity", "VSC.Core.Identity", "{8B767671-1298-4D26-B689-B45580A1EB2C}"
EndProject
Project("{FAE04EC0-301F-11D3-BF4B-00C04F79EFBC}") = "VSC.Core.Identity.Data", "..\VSC.Core\VSC.Core.Identity.Data\VSC.Core.Identity.Data.csproj", "{523E80C6-C8B6-35B4-883D-EDBE04FE16B5}"
EndProject
Project("{FAE04EC0-301F-11D3-BF4B-00C04F79EFBC}") = "VSC.Core.Identity.DataModel", "..\VSC.Core\VSC.Core.Identity.DataModel\VSC.Core.Identity.DataModel.csproj", "{1770262C-6393-56A0-B4FD-079078F1DEF6}"
EndProject
Project("{FAE04EC0-301F-11D3-BF4B-00C04F79EFBC}") = "VSC.Core.Identity.WebRCL", "..\VSC.Core\VSC.Core.Identity.WebRCL\VSC.Core.Identity.WebRCL.csproj", "{62032105-158C-501C-548B-0B6C090F92BB}"
EndProject
Project("{FAE04EC0-301F-11D3-BF4B-00C04F79EFBC}") = "VSC.Core.Identity.WebUI", "..\VSC.Core\VSC.Core.Identity.WebUI\VSC.Core.Identity.WebUI.csproj", "{3EA1DD08-EEB1-B82B-7931-5B3EEA232A3B}"
EndProject
Project("{FAE04EC0-301F-11D3-BF4B-00C04F79EFBC}") = "VSC.Core.Identity.Services", "..\VSC.Core\VSC.Core.Identity.Services\VSC.Core.Identity.Services.csproj", "{1251F966-B134-B2BE-5535-0E4F1E20A708}"
EndProject
Project("{FAE04EC0-301F-11D3-BF4B-00C04F79EFBC}") = "VSC.Core.DemoDataLinks.WebUI", "VSC.Core.DemoDataLinks.WebUI\VSC.Core.DemoDataLinks.WebUI.csproj", "{CE6F5011-623C-AB16-B54B-05C7E2CCA19A}"
EndProject
Project("{FAE04EC0-301F-11D3-BF4B-00C04F79EFBC}") = "VSC.Core.DemoDataLinks.Data", "VSC.Core.DemoDataLinks.Data\VSC.Core.DemoDataLinks.Data.csproj", "{1BFBF606-2D4E-4C7A-88DA-590A2FA1E24A}"
EndProject
Project("{FAE04EC0-301F-11D3-BF4B-00C04F79EFBC}") = "VSC.Core.DemoDataLinks.DataModel", "VSC.Core.DemoDataLinks.DataModel\VSC.Core.DemoDataLinks.DataModel.csproj", "{2AA14C5A-A786-4E7D-8F57-E31CD8BF416A}"
EndProject
Project("{FAE04EC0-301F-11D3-BF4B-00C04F79EFBC}") = "VSC.Core.DemoDataLinks.Services", "VSC.Core.DemoDataLinks.Services\VSC.Core.DemoDataLinks.Services.csproj", "{FEE9FA43-D7E7-4A39-8196-2E7526ED7675}"
EndProject
Global
	GlobalSection(SolutionConfigurationPlatforms) = preSolution
		Debug|Any CPU = Debug|Any CPU
		Release|Any CPU = Release|Any CPU
	EndGlobalSection
	GlobalSection(ProjectConfigurationPlatforms) = postSolution
		{47FC5B75-7E57-1E55-3F5C-113F34CB9C42}.Debug|Any CPU.ActiveCfg = Debug|Any CPU
		{47FC5B75-7E57-1E55-3F5C-113F34CB9C42}.Debug|Any CPU.Build.0 = Debug|Any CPU
		{47FC5B75-7E57-1E55-3F5C-113F34CB9C42}.Release|Any CPU.ActiveCfg = Release|Any CPU
		{47FC5B75-7E57-1E55-3F5C-113F34CB9C42}.Release|Any CPU.Build.0 = Release|Any CPU
		{1E9055F1-F3FC-74BE-1236-7756659D1307}.Debug|Any CPU.ActiveCfg = Debug|Any CPU
		{1E9055F1-F3FC-74BE-1236-7756659D1307}.Debug|Any CPU.Build.0 = Debug|Any CPU
		{1E9055F1-F3FC-74BE-1236-7756659D1307}.Release|Any CPU.ActiveCfg = Release|Any CPU
		{1E9055F1-F3FC-74BE-1236-7756659D1307}.Release|Any CPU.Build.0 = Release|Any CPU
		{1AC6F555-198C-8B57-CE4C-8A9E92803AA5}.Debug|Any CPU.ActiveCfg = Debug|Any CPU
		{1AC6F555-198C-8B57-CE4C-8A9E92803AA5}.Debug|Any CPU.Build.0 = Debug|Any CPU
		{1AC6F555-198C-8B57-CE4C-8A9E92803AA5}.Release|Any CPU.ActiveCfg = Release|Any CPU
		{1AC6F555-198C-8B57-CE4C-8A9E92803AA5}.Release|Any CPU.Build.0 = Release|Any CPU
		{8D068B49-A82E-C439-0225-5E03092E6304}.Debug|Any CPU.ActiveCfg = Debug|Any CPU
		{8D068B49-A82E-C439-0225-5E03092E6304}.Debug|Any CPU.Build.0 = Debug|Any CPU
		{8D068B49-A82E-C439-0225-5E03092E6304}.Release|Any CPU.ActiveCfg = Release|Any CPU
		{8D068B49-A82E-C439-0225-5E03092E6304}.Release|Any CPU.Build.0 = Release|Any CPU
		{F131538C-C509-7DEB-A3E6-1CEF6831163B}.Debug|Any CPU.ActiveCfg = Debug|Any CPU
		{F131538C-C509-7DEB-A3E6-1CEF6831163B}.Debug|Any CPU.Build.0 = Debug|Any CPU
		{F131538C-C509-7DEB-A3E6-1CEF6831163B}.Release|Any CPU.ActiveCfg = Release|Any CPU
		{F131538C-C509-7DEB-A3E6-1CEF6831163B}.Release|Any CPU.Build.0 = Release|Any CPU
		{523E80C6-C8B6-35B4-883D-EDBE04FE16B5}.Debug|Any CPU.ActiveCfg = Debug|Any CPU
		{523E80C6-C8B6-35B4-883D-EDBE04FE16B5}.Debug|Any CPU.Build.0 = Debug|Any CPU
		{523E80C6-C8B6-35B4-883D-EDBE04FE16B5}.Release|Any CPU.ActiveCfg = Release|Any CPU
		{523E80C6-C8B6-35B4-883D-EDBE04FE16B5}.Release|Any CPU.Build.0 = Release|Any CPU
		{1770262C-6393-56A0-B4FD-079078F1DEF6}.Debug|Any CPU.ActiveCfg = Debug|Any CPU
		{1770262C-6393-56A0-B4FD-079078F1DEF6}.Debug|Any CPU.Build.0 = Debug|Any CPU
		{1770262C-6393-56A0-B4FD-079078F1DEF6}.Release|Any CPU.ActiveCfg = Release|Any CPU
		{1770262C-6393-56A0-B4FD-079078F1DEF6}.Release|Any CPU.Build.0 = Release|Any CPU
		{62032105-158C-501C-548B-0B6C090F92BB}.Debug|Any CPU.ActiveCfg = Debug|Any CPU
		{62032105-158C-501C-548B-0B6C090F92BB}.Debug|Any CPU.Build.0 = Debug|Any CPU
		{62032105-158C-501C-548B-0B6C090F92BB}.Release|Any CPU.ActiveCfg = Release|Any CPU
		{62032105-158C-501C-548B-0B6C090F92BB}.Release|Any CPU.Build.0 = Release|Any CPU
		{3EA1DD08-EEB1-B82B-7931-5B3EEA232A3B}.Debug|Any CPU.ActiveCfg = Debug|Any CPU
		{3EA1DD08-EEB1-B82B-7931-5B3EEA232A3B}.Debug|Any CPU.Build.0 = Debug|Any CPU
		{3EA1DD08-EEB1-B82B-7931-5B3EEA232A3B}.Release|Any CPU.ActiveCfg = Release|Any CPU
		{3EA1DD08-EEB1-B82B-7931-5B3EEA232A3B}.Release|Any CPU.Build.0 = Release|Any CPU
		{1251F966-B134-B2BE-5535-0E4F1E20A708}.Debug|Any CPU.ActiveCfg = Debug|Any CPU
		{1251F966-B134-B2BE-5535-0E4F1E20A708}.Debug|Any CPU.Build.0 = Debug|Any CPU
		{1251F966-B134-B2BE-5535-0E4F1E20A708}.Release|Any CPU.ActiveCfg = Release|Any CPU
		{1251F966-B134-B2BE-5535-0E4F1E20A708}.Release|Any CPU.Build.0 = Release|Any CPU
		{CE6F5011-623C-AB16-B54B-05C7E2CCA19A}.Debug|Any CPU.ActiveCfg = Debug|Any CPU
		{CE6F5011-623C-AB16-B54B-05C7E2CCA19A}.Debug|Any CPU.Build.0 = Debug|Any CPU
		{CE6F5011-623C-AB16-B54B-05C7E2CCA19A}.Release|Any CPU.ActiveCfg = Release|Any CPU
		{CE6F5011-623C-AB16-B54B-05C7E2CCA19A}.Release|Any CPU.Build.0 = Release|Any CPU
		{1BFBF606-2D4E-4C7A-88DA-590A2FA1E24A}.Debug|Any CPU.ActiveCfg = Debug|Any CPU
		{1BFBF606-2D4E-4C7A-88DA-590A2FA1E24A}.Debug|Any CPU.Build.0 = Debug|Any CPU
		{1BFBF606-2D4E-4C7A-88DA-590A2FA1E24A}.Release|Any CPU.ActiveCfg = Release|Any CPU
		{1BFBF606-2D4E-4C7A-88DA-590A2FA1E24A}.Release|Any CPU.Build.0 = Release|Any CPU
		{2AA14C5A-A786-4E7D-8F57-E31CD8BF416A}.Debug|Any CPU.ActiveCfg = Debug|Any CPU
		{2AA14C5A-A786-4E7D-8F57-E31CD8BF416A}.Debug|Any CPU.Build.0 = Debug|Any CPU
		{2AA14C5A-A786-4E7D-8F57-E31CD8BF416A}.Release|Any CPU.ActiveCfg = Release|Any CPU
		{2AA14C5A-A786-4E7D-8F57-E31CD8BF416A}.Release|Any CPU.Build.0 = Release|Any CPU
		{FEE9FA43-D7E7-4A39-8196-2E7526ED7675}.Debug|Any CPU.ActiveCfg = Debug|Any CPU
		{FEE9FA43-D7E7-4A39-8196-2E7526ED7675}.Debug|Any CPU.Build.0 = Debug|Any CPU
		{FEE9FA43-D7E7-4A39-8196-2E7526ED7675}.Release|Any CPU.ActiveCfg = Release|Any CPU
		{FEE9FA43-D7E7-4A39-8196-2E7526ED7675}.Release|Any CPU.Build.0 = Release|Any CPU
	EndGlobalSection
	GlobalSection(SolutionProperties) = preSolution
		HideSolutionNode = FALSE
	EndGlobalSection
	GlobalSection(NestedProjects) = preSolution
		{47FC5B75-7E57-1E55-3F5C-113F34CB9C42} = {02EA681E-C7D8-13C7-8484-4AC65E1B71E8}
		{1E9055F1-F3FC-74BE-1236-7756659D1307} = {02EA681E-C7D8-13C7-8484-4AC65E1B71E8}
		{1AC6F555-198C-8B57-CE4C-8A9E92803AA5} = {02EA681E-C7D8-13C7-8484-4AC65E1B71E8}
		{8D068B49-A82E-C439-0225-5E03092E6304} = {02EA681E-C7D8-13C7-8484-4AC65E1B71E8}
		{F131538C-C509-7DEB-A3E6-1CEF6831163B} = {02EA681E-C7D8-13C7-8484-4AC65E1B71E8}
		{523E80C6-C8B6-35B4-883D-EDBE04FE16B5} = {8B767671-1298-4D26-B689-B45580A1EB2C}
		{1770262C-6393-56A0-B4FD-079078F1DEF6} = {8B767671-1298-4D26-B689-B45580A1EB2C}
		{62032105-158C-501C-548B-0B6C090F92BB} = {8B767671-1298-4D26-B689-B45580A1EB2C}
		{3EA1DD08-EEB1-B82B-7931-5B3EEA232A3B} = {8B767671-1298-4D26-B689-B45580A1EB2C}
		{1251F966-B134-B2BE-5535-0E4F1E20A708} = {8B767671-1298-4D26-B689-B45580A1EB2C}
	EndGlobalSection
	GlobalSection(ExtensibilityGlobals) = postSolution
		SolutionGuid = {64A9C552-A9AC-450B-AF35-8A61E882E05B}
	EndGlobalSection
EndGlobal
